hash: c47c971caba9b8a3eaf933ea05470560493e664b7ec5020885eb9c22f6ab77ba
updated: 2016-12-05T17:01:33.491354153+01:00
imports:
- name: github.com/andybalholm/cascadia
  version: 65919c611220063037b1db8eb334acaf17a6d8ea
- name: github.com/intelsdi-x/snap
  version: 8905198aaab5bfb6d50a747477ca401e3a7a33ab
  subpackages:
  - control/plugin
  - control/plugin/cpolicy
  - control/plugin/encoding
  - control/plugin/encrypter
  - core
  - core/cdata
  - core/ctypes
  - core/serror
  - pkg/ctree
  - pkg/schedule
  - pkg/stringutils
  - scheduler/wmap
- name: github.com/PuerkitoBio/goquery
  version: 56a198aba89cdf7a612e6c762eff9d788b9f2dae
- name: github.com/robfig/cron
  version: 9585fd555638e77bba25f25db5c44b41f264aeb7
- name: github.com/Sirupsen/logrus
  version: 881bee4e20a5d11a6a88a5667c6f292072ac1963
- name: golang.org/x/net
  version: 6cdc0daab091c43fc46193327e0047b4f883c613
  subpackages:
  - html
  - html/atom
- name: golang.org/x/sys
  version: f5a6bd43051d3f1f5dd3e0dbd531721aa5e75d28
  subpackages:
  - unix
- name: gopkg.in/yaml.v2
  version: a5b47d31c556af34a302ce5d659e6fea44d90de0
testImports:
- name: github.com/gopherjs/gopherjs
  version: e34a5cd6a1bc7c4fde759f2d3039852fc68b5fcc
  subpackages:
  - js
- name: github.com/jtolds/gls
  version: 8ddce2a84170772b95dd5d576c48d517b22cac63
- name: github.com/smartystreets/assertions
  version: e60cfa771e3f4d18723a4119f1833898c9c62066
  subpackages:
  - internal/go-render/render
  - internal/oglematchers
- name: github.com/smartystreets/goconvey
  version: d4c757aa9afd1e2fc1832aaab209b5794eb336e1
  subpackages:
  - convey
  - convey/gotest
  - convey/reporting
