hash: 5ef7f116b37041867dda9c1918f2785138d4e8fa900412b630961bea77fb69ea
updated: 2017-03-30T10:24:16.809877-04:00
imports:
- name: github.com/intelsdi-x/snap
  version: c98bf6658761dc330431c118dee1a069deb90bab
  subpackages:
  - control/plugin
  - control/plugin/cpolicy
  - control/plugin/encoding
  - control/plugin/encrypter
  - core
  - core/cdata
  - core/ctypes
  - core/serror
  - pkg/ctree
  - pkg/fileutils
  - pkg/schedule
  - pkg/stringutils
  - scheduler/wmap
- name: github.com/robfig/cron
  version: 32d9c273155a0506d27cf73dd1246e86a470997e
- name: github.com/Sirupsen/logrus
  version: be52937128b38f1d99787bb476c789e2af1147f1
- name: golang.org/x/sys
  version: 9a7256cb28ed514b4e1e5f68959914c4c28a92e0
  subpackages:
  - unix
- name: gopkg.in/yaml.v2
  version: c1cd2254a6dd314c9d73c338c12688c9325d85c6
testImports:
- name: github.com/gopherjs/gopherjs
  version: 3496c6f94e1b945f3fc9580f6982675c0a74cd6c
  subpackages:
  - js
- name: github.com/jtolds/gls
  version: bb0351aa7eb6f322f32667d51375f26a2bca6628
- name: github.com/smartystreets/assertions
  version: c9ee7d9e9a2aeec0bee7c4a516f3e0ad7cb7e558
  subpackages:
  - internal/go-render/render
  - internal/oglematchers
- name: github.com/smartystreets/goconvey
  version: 3bd662eac601ad6436e64776af2e112069eb2edc
  subpackages:
  - convey
  - convey/gotest
  - convey/reporting
